
Microsoft Visual Studio Solution File, Format Version 12.00
# Visual Studio Version 17
VisualStudioVersion = 17.4.33205.214
MinimumVisualStudioVersion = 10.0.40219.1
Project("{8BC9CEB8-8B4A-11D0-8D11-00A0C91BC942}") = "OOP 3", "OOP 3\OOP 3.vcxproj", "{729BF9C4-E312-4F0E-ADEF-3DE4416D4635}"
EndProject
Global
	GlobalSection(SolutionConfigurationPlatforms) = preSolution
		Debug|x64 = Debug|x64
		Debug|x86 = Debug|x86
		Release|x64 = Release|x64
		Release|x86 = Release|x86
	EndGlobalSection
	GlobalSection(ProjectConfigurationPlatforms) = postSolution
		{729BF9C4-E312-4F0E-ADEF-3DE4416D4635}.Debug|x64.ActiveCfg = Debug|x64
		{729BF9C4-E312-4F0E-ADEF-3DE4416D4635}.Debug|x64.Build.0 = Debug|x64
		{729BF9C4-E312-4F0E-ADEF-3DE4416D4635}.Debug|x86.ActiveCfg = Debug|Win32
		{729BF9C4-E312-4F0E-ADEF-3DE4416D4635}.Debug|x86.Build.0 = Debug|Win32
		{729BF9C4-E312-4F0E-ADEF-3DE4416D4635}.Release|x64.ActiveCfg = Release|x64
		{729BF9C4-E312-4F0E-ADEF-3DE4416D4635}.Release|x64.Build.0 = Release|x64
		{729BF9C4-E312-4F0E-ADEF-3DE4416D4635}.Release|x86.ActiveCfg = Release|Win32
		{729BF9C4-E312-4F0E-ADEF-3DE4416D4635}.Release|x86.Build.0 = Release|Win32
	EndGlobalSection
	GlobalSection(SolutionProperties) = preSolution
		HideSolutionNode = FALSE
	EndGlobalSection
	GlobalSection(ExtensibilityGlobals) = postSolution
		SolutionGuid = {B8A92D2C-3670-44CA-9BD4-A2F0B180274A}
	EndGlobalSection
EndGlobal
